{
  "name": "time-virus-jonas-olson",
  "version": "1.2.0",
  "lockfileVersion": 3,
  "requires": true,
  "packages": {
    "": {
      "name": "time-virus-jonas-olson",
      "version": "1.2.0",
      "hasInstallScript": true,
      "license": "ISC",
      "devDependencies": {
        "env-cmd": "^11.0.0"
      }
    },
    "node_modules/@commander-js/extra-typings": {
      "version": "13.1.0",
      "dev": true,
      "license": "MIT",
      "peerDependencies": {
        "commander": "~13.1.0"
      }
    },
    "node_modules/commander": {
      "version": "13.1.0",
      "dev": true,
      "license": "MIT",
      "engines": {
        "node": ">=18"
      }
    },
    "node_modules/cross-spawn": {
      "version": "7.0.6",
      "dev": true,
      "license": "MIT",
      "dependencies": {
        "path-key": "^3.1.0",
        "shebang-command": "^2.0.0",
        "which": "^2.0.1"
      },
      "engines": {
        "node": ">= 8"
      }
    },
    "node_modules/env-cmd": {
      "version": "11.0.0",
      "dev": true,
      "license": "MIT",
      "dependencies": {
        "@commander-js/extra-typings": "^13.1.0",
        "commander": "^13.1.0",
        "cross-spawn": "^7.0.6"
      },
      "bin": {
        "env-cmd": "bin/env-cmd.js"
      },
      "engines": {
        "node": ">=20.10.0"
      }
    },
    "node_modules/isexe": {
      "version": "2.0.0",
      "dev": true,
      "license": "ISC"
    },
    "node_modules/path-key": {
      "version": "3.1.1",
      "dev": true,
      "license": "MIT",
      "engines": {
        "node": ">=8"
      }
    },
    "node_modules/shebang-command": {
      "version": "2.0.0",
      "dev": true,
      "license": "MIT",
      "dependencies": {
        "shebang-regex": "^3.0.0"
      },
      "engines": {
        "node": ">=8"
      }
    },
    "node_modules/shebang-regex": {
      "version": "3.0.0",
      "dev": true,
      "license": "MIT",
      "engines": {
        "node": ">=8"
      }
    },
    "node_modules/which": {
      "version": "2.0.2",
      "dev": true,
      "license": "ISC",
      "dependencies": {
        "isexe": "^2.0.0"
      },
      "bin": {
        "node-which": "bin/node-which"
      },
      "engines": {
        "node": ">= 8"
      }
    }
  }
}
